
Microsoft Visual Studio Solution File, Format Version 12.00
# Visual Studio 15
VisualStudioVersion = 15.0.27703.2035
MinimumVisualStudioVersion = 10.0.40219.1
Project("{8BC9CEB8-8B4A-11D0-8D11-00A0C91BC942}") = "hello world", "hello world\hello world.vcxproj", "{AFE5DBAB-13F8-446A-8AAC-38E10FD29A70}"
EndProject
Global
	GlobalSection(SolutionConfigurationPlatforms) = preSolution
		Debug|x64 = Debug|x64
		Debug|x86 = Debug|x86
		Release|x64 = Release|x64
		Release|x86 = Release|x86
	EndGlobalSection
	GlobalSection(ProjectConfigurationPlatforms) = postSolution
		{AFE5DBAB-13F8-446A-8AAC-38E10FD29A70}.Debug|x64.ActiveCfg = Debug|x64
		{AFE5DBAB-13F8-446A-8AAC-38E10FD29A70}.Debug|x64.Build.0 = Debug|x64
		{AFE5DBAB-13F8-446A-8AAC-38E10FD29A70}.Debug|x86.ActiveCfg = Debug|Win32
		{AFE5DBAB-13F8-446A-8AAC-38E10FD29A70}.Debug|x86.Build.0 = Debug|Win32
		{AFE5DBAB-13F8-446A-8AAC-38E10FD29A70}.Release|x64.ActiveCfg = Release|x64
		{AFE5DBAB-13F8-446A-8AAC-38E10FD29A70}.Release|x64.Build.0 = Release|x64
		{AFE5DBAB-13F8-446A-8AAC-38E10FD29A70}.Release|x86.ActiveCfg = Release|Win32
		{AFE5DBAB-13F8-446A-8AAC-38E10FD29A70}.Release|x86.Build.0 = Release|Win32
	EndGlobalSection
	GlobalSection(SolutionProperties) = preSolution
		HideSolutionNode = FALSE
	EndGlobalSection
	GlobalSection(ExtensibilityGlobals) = postSolution
		SolutionGuid = {32EC62FF-7EE2-4F28-A987-5315D1F352E5}
	EndGlobalSection
EndGlobal
